
Microsoft Visual Studio Solution File, Format Version 12.00
# Visual Studio 14
VisualStudioVersion = 14.0.24720.0
MinimumVisualStudioVersion = 10.0.40219.1
Project("{FAE04EC0-301F-11D3-BF4B-00C04F79EFBC}") = "SensorDataGraphing", "SensorDataGraphing\SensorDataGraphing.csproj", "{39DD4297-E866-4FB2-AAD8-868641B5E026}"
EndProject
Project("{2150E333-8FDC-42A3-9474-1A3956D46DE8}") = "Solution Items", "Solution Items", "{866DCE4A-E661-4E85-9C06-109582D575F5}"
EndProject
Global
	GlobalSection(SolutionConfigurationPlatforms) = preSolution
		Debug|Any CPU = Debug|Any CPU
		Release|Any CPU = Release|Any CPU
	EndGlobalSection
	GlobalSection(ProjectConfigurationPlatforms) = postSolution
		{39DD4297-E866-4FB2-AAD8-868641B5E026}.Debug|Any CPU.ActiveCfg = Debug|Any CPU
		{39DD4297-E866-4FB2-AAD8-868641B5E026}.Debug|Any CPU.Build.0 = Debug|Any CPU
		{39DD4297-E866-4FB2-AAD8-868641B5E026}.Release|Any CPU.ActiveCfg = Release|Any CPU
		{39DD4297-E866-4FB2-AAD8-868641B5E026}.Release|Any CPU.Build.0 = Release|Any CPU
	EndGlobalSection
	GlobalSection(SolutionProperties) = preSolution
		HideSolutionNode = FALSE
	EndGlobalSection
EndGlobal
